
Microsoft Visual Studio Solution File, Format Version 12.00
# Visual Studio Version 17
VisualStudioVersion = 17.2.32516.85
MinimumVisualStudioVersion = 10.0.40219.1
Project("{FAE04EC0-301F-11D3-BF4B-00C04F79EFBC}") = "Serilog-Elasticsearch", "Serilog-Elasticsearch\Serilog-Elasticsearch.csproj", "{A9414450-8341-4D13-ACF3-A28C5F327DD4}"
EndProject
Global
	GlobalSection(SolutionConfigurationPlatforms) = preSolution
		Debug|Any CPU = Debug|Any CPU
		Release|Any CPU = Release|Any CPU
	EndGlobalSection
	GlobalSection(ProjectConfigurationPlatforms) = postSolution
		{A9414450-8341-4D13-ACF3-A28C5F327DD4}.Debug|Any CPU.ActiveCfg = Debug|Any CPU
		{A9414450-8341-4D13-ACF3-A28C5F327DD4}.Debug|Any CPU.Build.0 = Debug|Any CPU
		{A9414450-8341-4D13-ACF3-A28C5F327DD4}.Release|Any CPU.ActiveCfg = Release|Any CPU
		{A9414450-8341-4D13-ACF3-A28C5F327DD4}.Release|Any CPU.Build.0 = Release|Any CPU
	EndGlobalSection
	GlobalSection(SolutionProperties) = preSolution
		HideSolutionNode = FALSE
	EndGlobalSection
	GlobalSection(ExtensibilityGlobals) = postSolution
		SolutionGuid = {FC2E3F8E-B7E6-489B-A17C-26F9A3BC617B}
	EndGlobalSection
EndGlobal
